
Microsoft Visual Studio Solution File, Format Version 12.00
# Visual Studio Version 16
VisualStudioVersion = 16.0.29519.181
MinimumVisualStudioVersion = 10.0.40219.1
Project("{FAE04EC0-301F-11D3-BF4B-00C04F79EFBC}") = "BudapestAirportFileApp", "BudapestAirportFileApp\BudapestAirportFileApp.csproj", "{1DCA3404-3CC8-4E13-8BCB-375FF51ECD14}"
EndProject
Global
	GlobalSection(SolutionConfigurationPlatforms) = preSolution
		Debug|Any CPU = Debug|Any CPU
		Release|Any CPU = Release|Any CPU
	EndGlobalSection
	GlobalSection(ProjectConfigurationPlatforms) = postSolution
		{1DCA3404-3CC8-4E13-8BCB-375FF51ECD14}.Debug|Any CPU.ActiveCfg = Debug|Any CPU
		{1DCA3404-3CC8-4E13-8BCB-375FF51ECD14}.Debug|Any CPU.Build.0 = Debug|Any CPU
		{1DCA3404-3CC8-4E13-8BCB-375FF51ECD14}.Release|Any CPU.ActiveCfg = Release|Any CPU
		{1DCA3404-3CC8-4E13-8BCB-375FF51ECD14}.Release|Any CPU.Build.0 = Release|Any CPU
	EndGlobalSection
	GlobalSection(SolutionProperties) = preSolution
		HideSolutionNode = FALSE
	EndGlobalSection
	GlobalSection(ExtensibilityGlobals) = postSolution
		SolutionGuid = {F1D8E646-E331-4BDD-9B7D-A781248C32B2}
	EndGlobalSection
EndGlobal
